
Microsoft Visual Studio Solution File, Format Version 12.00
# Visual Studio 14
VisualStudioVersion = 14.0.25123.0
MinimumVisualStudioVersion = 10.0.40219.1
Project("{7E0CFD62-9ECA-496D-95B6-0F4B697EF693}") = "Sitecore.Support.85083", "Sitecore.Support.85083\Sitecore.Support.85083.csproj", "{5C5A7D4C-D650-4C14-8E69-AEB8F4F334E0}"
EndProject
Global
	GlobalSection(SolutionConfigurationPlatforms) = preSolution
		Debug|Any CPU = Debug|Any CPU
		Release|Any CPU = Release|Any CPU
	EndGlobalSection
	GlobalSection(ProjectConfigurationPlatforms) = postSolution
		{5C5A7D4C-D650-4C14-8E69-AEB8F4F334E0}.Debug|Any CPU.ActiveCfg = Debug|Any CPU
		{5C5A7D4C-D650-4C14-8E69-AEB8F4F334E0}.Debug|Any CPU.Build.0 = Debug|Any CPU
		{5C5A7D4C-D650-4C14-8E69-AEB8F4F334E0}.Release|Any CPU.ActiveCfg = Release|Any CPU
		{5C5A7D4C-D650-4C14-8E69-AEB8F4F334E0}.Release|Any CPU.Build.0 = Release|Any CPU
	EndGlobalSection
	GlobalSection(SolutionProperties) = preSolution
		HideSolutionNode = FALSE
	EndGlobalSection
EndGlobal
